github.com/aaaton/golem/v4 v4.0.0 h1:YHieBS+5Fqir298nJ7fk3EvMcKM/+T5gpMRt4TIAiZ8=
github.com/aaaton/golem/v4 v4.0.0/go.mod h1:OfK/S5v9Exsx1yO21WorREuIVV+Y5K2hygP0A9oJCCI=
github.com/aaaton/golem/v4/dicts/en v1.0.1 h1:/BsOsh8JTgTkuevwM9axPnAi9CD4rK7TWHNdW/6V3Uo=
github.com/aaaton/golem/v4/dicts/en v1.0.1/go.mod h1:1YKRrQNng+KbS+peA7sj3TIa8eqR6T2UqdJ+Tc9xeoA=
